# THIS IS AN AUTOGENERATED FILE. DO NOT EDIT THIS FILE DIRECTLY.
# yarn lockfile v1


"@types/prop-types@*":
  version "15.7.3"
  resolved "https://registry.yarnpkg.com/@types/prop-types/-/prop-types-15.7.3.tgz#2ab0d5da2e5815f94b0b9d4b95d1e5f243ab2ca7"
  integrity sha512-KfRL3PuHmqQLOG+2tGpRO26Ctg+Cq1E01D2DMriKEATHgWLfeNDmq9e29Q9WIky0dQ3NPkd1mzYH8Lm936Z9qw==

"@types/react-native@^0.63.35":
  version "0.63.35"
  resolved "https://registry.yarnpkg.com/@types/react-native/-/react-native-0.63.35.tgz#c9d6c3c0461b1aa0dff89c6b53ef509461a19183"
  integrity sha512-2uyPZoHtoUVsVO55HdrRCpgwwG2zVHLttTaR9f/BThoBAQngNWuZQ0eMGmfgRHBKXmi3TmtWjbWPxohkITLlkw==
  dependencies:
    "@types/react" "*"

"@types/react@*", "@types/react@^16.9.56":
  version "16.9.56"
  resolved "https://registry.yarnpkg.com/@types/react/-/react-16.9.56.tgz#ea25847b53c5bec064933095fc366b1462e2adf0"
  integrity sha512-gIkl4J44G/qxbuC6r2Xh+D3CGZpJ+NdWTItAPmZbR5mUS+JQ8Zvzpl0ea5qT/ZT3ZNTUcDKUVqV3xBE8wv/DyQ==
  dependencies:
    "@types/prop-types" "*"
    csstype "^3.0.2"

"@unimodules/core@~5.5.0":
  version "5.5.1"
  resolved "https://registry.yarnpkg.com/@unimodules/core/-/core-5.5.1.tgz#82afe960568c58da62c76ea45ca77aa43a31ce13"
  integrity sha512-4OADQJqQ52TsCzfK+xUGWjt3zZADYxRvBZe8JXrnx2qGMXhFFUUn2JMEZT3nDt4QwtM+rIp9BsrQCMIPlXCOHg==
  dependencies:
    compare-versions "^3.4.0"

"@unimodules/react-native-adapter@~5.6.0":
  version "5.6.0"
  resolved "https://registry.yarnpkg.com/@unimodules/react-native-adapter/-/react-native-adapter-5.6.0.tgz#7dc1227576eca20a28fc11d0c12d974c9fb4322e"
  integrity sha512-X2bkueyzCw8QXyzCOD68uLurI4XFnzZzVtbRGiEgbd/x+JbyVhN0VqsOXXApfolh1vtO+KVj0rfQsYT1+nKp/A==
  dependencies:
    invariant "^2.2.4"
    lodash "^4.5.0"

ansi-styles@^3.2.1:
  version "3.2.1"
  resolved "https://registry.yarnpkg.com/ansi-styles/-/ansi-styles-3.2.1.tgz#41fbb20243e50b12be0f04b8dedbf07520ce841d"
  integrity sha512-VT0ZI6kZRdTh8YyJw3SMbYm/u+NqfsAxEpWO0Pf9sq8/e94WxxOpPKx9FR1FlyCtOVDNOQ+8ntlqFxiRc+r5qA==
  dependencies:
    color-convert "^1.9.0"

asap@~2.0.3:
  version "2.0.6"
  resolved "https://registry.yarnpkg.com/asap/-/asap-2.0.6.tgz#e50347611d7e690943208bbdafebcbc2fb866d46"
  integrity sha1-5QNHYR1+aQlDIIu9r+vLwvuGbUY=

badgin@^1.1.5:
  version "1.2.2"
  resolved "https://registry.yarnpkg.com/badgin/-/badgin-1.2.2.tgz#cbb0b71b047230c681a68911eb24136f0632adc6"
  integrity sha512-XtoSjNhy2D09qGiLhFWBJmBwBlmleQuwyYyjddWNCJ3gqGRBOBR25VGcd8CAOSghpEUmghB3LD4NpHrUG89zCg==

blueimp-md5@^2.10.0:
  version "2.18.0"
  resolved "https://registry.yarnpkg.com/blueimp-md5/-/blueimp-md5-2.18.0.tgz#1152be1335f0c6b3911ed9e36db54f3e6ac52935"
  integrity sha512-vE52okJvzsVWhcgUHOv+69OG3Mdg151xyn41aVQN/5W5S+S43qZhxECtYLAEHMSFWX6Mv5IZrzj3T5+JqXfj5Q==

buffer-alloc-unsafe@^1.1.0:
  version "1.1.0"
  resolved "https://registry.yarnpkg.com/buffer-alloc-unsafe/-/buffer-alloc-unsafe-1.1.0.tgz#bd7dc26ae2972d0eda253be061dba992349c19f0"
  integrity sha512-TEM2iMIEQdJ2yjPJoSIsldnleVaAk1oW3DBVUykyOLsEsFmEc9kn+SFFPz+gl54KQNxlDnAwCXosOS9Okx2xAg==

buffer-alloc@^1.1.0:
  version "1.2.0"
  resolved "https://registry.yarnpkg.com/buffer-alloc/-/buffer-alloc-1.2.0.tgz#890dd90d923a873e08e10e5fd51a57e5b7cce0ec"
  integrity sha512-CFsHQgjtW1UChdXgbyJGtnm+O/uLQeZdtbDo8mfUgYXCHSM1wgrVxXm6bSyrUuErEb+4sYVGCzASBRot7zyrow==
  dependencies:
    buffer-alloc-unsafe "^1.1.0"
    buffer-fill "^1.0.0"

buffer-fill@^1.0.0:
  version "1.0.0"
  resolved "https://registry.yarnpkg.com/buffer-fill/-/buffer-fill-1.0.0.tgz#f8f78b76789888ef39f205cd637f68e702122b2c"
  integrity sha1-+PeLdniYiO858gXNY39o5wISKyw=

chalk@^2.4.2:
  version "2.4.2"
  resolved "https://registry.yarnpkg.com/chalk/-/chalk-2.4.2.tgz#cd42541677a54333cf541a49108c1432b44c9424"
  integrity sha512-Mti+f9lpJNcwF4tWV8/OrTTtF1gZi+f8FqlyAdouralcFWFQWF2+NgCHShjkCb+IFBLq9buZwE1xckQU4peSuQ==
  dependencies:
    ansi-styles "^3.2.1"
    escape-string-regexp "^1.0.5"
    supports-color "^5.3.0"

color-convert@^1.9.0:
  version "1.9.3"
  resolved "https://registry.yarnpkg.com/color-convert/-/color-convert-1.9.3.tgz#bb71850690e1f136567de629d2d5471deda4c1e8"
  integrity sha512-QfAUtd+vFdAtFQcC8CCyYt1fYWxSqAiK2cSD6zDB8N3cpsEBAvRxp9zOGg6G/SHHJYAT88/az/IuDGALsNVbGg==
  dependencies:
    color-name "1.1.3"

color-name@1.1.3:
  version "1.1.3"
  resolved "https://registry.yarnpkg.com/color-name/-/color-name-1.1.3.tgz#a7d0558bd89c42f795dd42328f740831ca53bc25"
  integrity sha1-p9BVi9icQveV3UIyj3QIMcpTvCU=

compare-versions@^3.4.0:
  version "3.6.0"
  resolved "https://registry.yarnpkg.com/compare-versions/-/compare-versions-3.6.0.tgz#1a5689913685e5a87637b8d3ffca75514ec41d62"
  integrity sha512-W6Af2Iw1z4CB7q4uU4hv646dW9GQuBM+YpC0UvUCWSD8w90SJjp+ujJuXaEMtAXBtSqGfMPuFOVn4/+FlaqfBA==

core-js@^2.4.1:
  version "2.6.11"
  resolved "https://registry.yarnpkg.com/core-js/-/core-js-2.6.11.tgz#38831469f9922bded8ee21c9dc46985e0399308c"
  integrity sha512-5wjnpaT/3dV+XB4borEsnAYQchn00XSgTAWKDkEqv+K8KevjbzmofK6hfJ9TZIlpj2N0xQpazy7PiRQiWHqzWg==

csstype@^3.0.2:
  version "3.0.5"
  resolved "https://registry.yarnpkg.com/csstype/-/csstype-3.0.5.tgz#7fdec6a28a67ae18647c51668a9ff95bb2fa7bb8"
  integrity sha512-uVDi8LpBUKQj6sdxNaTetL6FpeCqTjOvAQuQUa/qAqq8oOd4ivkbhgnqayl0dnPal8Tb/yB1tF+gOvCBiicaiQ==

encoding@^0.1.11:
  version "0.1.13"
  resolved "https://registry.yarnpkg.com/encoding/-/encoding-0.1.13.tgz#56574afdd791f54a8e9b2785c0582a2d26210fa9"
  integrity sha512-ETBauow1T35Y/WZMkio9jiM0Z5xjHHmJ4XmjZOq1l/dXz3lr2sRn87nJy20RupqSh1F2m3HHPSp8ShIPQJrJ3A==
  dependencies:
    iconv-lite "^0.6.2"

escape-string-regexp@^1.0.5:
  version "1.0.5"
  resolved "https://registry.yarnpkg.com/escape-string-regexp/-/escape-string-regexp-1.0.5.tgz#1b61c0562190a8dff6ae3bb2cf0200ca130b86d4"
  integrity sha1-G2HAViGQqN/2rjuyzwIAyhMLhtQ=

expo-application@~2.3.0:
  version "2.3.0"
  resolved "https://registry.yarnpkg.com/expo-application/-/expo-application-2.3.0.tgz#5e6929a1fcee543ac433fb2cee1f88738369e26b"
  integrity sha512-Jbx8iWAjL5JOvXNUnFaTr5PlMgs8k4MV6SGonYw/a21bWDDERyJQc9EYnaoaSJJJeE/4neVsF7Q3GN1QPz7pUA==

expo-asset@~8.2.0:
  version "8.2.0"
  resolved "https://registry.yarnpkg.com/expo-asset/-/expo-asset-8.2.0.tgz#2f72491064c02d4de32e9187d474deb9cec33003"
  integrity sha512-Z4D8jcN19GJ/pCqm6slP+Yhao1TP1RkSK/NIHpMKlkz36aqSh0V58J97zvwb1WdkYef5evAzj2uDGpH/VwLOdQ==
  dependencies:
    blueimp-md5 "^2.10.0"
    invariant "^2.2.4"
    md5-file "^3.2.3"
    path-browserify "^1.0.0"
    url-parse "^1.4.4"

expo-constants@9.2.0, expo-constants@~9.2.0:
  version "9.2.0"
  resolved "https://registry.yarnpkg.com/expo-constants/-/expo-constants-9.2.0.tgz#e86a38793deaff9018878afac65bce2543c80a4c"
  integrity sha512-WKwiEMvBgPrEPEyZKm21UUB2KWQux9OCWf6ZDORLTln7kO3rsbaJEprfWUWTP7AxyaLMYfN+/0WFHjZc25SZWQ==
  dependencies:
    fbjs "1.0.0"
    uuid "^3.3.2"

expo-file-system@^9.3.0:
  version "9.3.0"
  resolved "https://registry.yarnpkg.com/expo-file-system/-/expo-file-system-9.3.0.tgz#844c5197dbebf6c144d38e307372a49f3173186a"
  integrity sha512-x83IVep6PVfzGLpzR5fhWgKGlDaF95vfRzvmLyOMnbSuM8gY9a8C92taxZxfitryy9+D46lbRcnxPvBqFkXMNg==
  dependencies:
    uuid "^3.4.0"

expo-file-system@~9.2.0:
  version "9.2.0"
  resolved "https://registry.yarnpkg.com/expo-file-system/-/expo-file-system-9.2.0.tgz#e8efde36968a1e6d826236044a970e85bfe0aeee"
  integrity sha512-GsDf+E6e1WyYqyUiXbcWthLk7oVO+WDticnHUGAzb17hVCgxJhlUbRriwY3kBkQAX1mr+Hq9lkgJPIRbV197Fw==
  dependencies:
    uuid "^3.4.0"

expo-image-loader@~1.2.0:
  version "1.2.0"
  resolved "https://registry.yarnpkg.com/expo-image-loader/-/expo-image-loader-1.2.0.tgz#1cf70fc14c45e8595c3d1a2b16f40a53810b4ba4"
  integrity sha512-cftM8EonIPD4Tjydr5aFpFM1/GsNoIC79YV+ulVR3Zfn3RYcR4whwDcmzFCPuVFEO1Df4oBfEbdXfqlk96DR5Q==

expo-media-library@^9.2.1:
  version "9.2.1"
  resolved "https://registry.yarnpkg.com/expo-media-library/-/expo-media-library-9.2.1.tgz#11583e40087d77cf16e70bb7db0048d2bd1938b5"
  integrity sha512-A9AAGI1200P0oULoXA7U7wQ91zgPWl9GWo5H9EQvVDHp1ABX8tf2qTOad6Y0KotHYWVMIyfsVXzVYAbjJ9LxPQ==

expo-notifications@^0.7.2:
  version "0.7.2"
  resolved "https://registry.yarnpkg.com/expo-notifications/-/expo-notifications-0.7.2.tgz#2e275036c4f8cc6223a4de263117828bf253a95f"
  integrity sha512-a5QagTFObadEyWTDhAeHnzscLIUTIBF+iLsfKftegZjQIcv20mxu9Aom/e6OfMNg9470XV/HuuHaO9p+JaY9cg==
  dependencies:
    badgin "^1.1.5"
    expo-application "~2.3.0"
    expo-constants "9.2.0"
    uuid "^3.4.0"

expo-permissions@~9.3.0:
  version "9.3.0"
  resolved "https://registry.yarnpkg.com/expo-permissions/-/expo-permissions-9.3.0.tgz#b90c7e9e411d306c1c7ba2bae18d5c53c201affd"
  integrity sha512-ylSJZVvEGJVFTKsFrUL2S6gCvFt+/o8TJ3xT4WaMjHe2/2Z7R8ng6NR47Kt54t7XBIV/SZ7DIY9uRiR7TPuNYA==

fbjs-css-vars@^1.0.0:
  version "1.0.2"
  resolved "https://registry.yarnpkg.com/fbjs-css-vars/-/fbjs-css-vars-1.0.2.tgz#216551136ae02fe255932c3ec8775f18e2c078b8"
  integrity sha512-b2XGFAFdWZWg0phtAWLHCk836A1Xann+I+Dgd3Gk64MHKZO44FfoD1KxyvbSh0qZsIoXQGGlVztIY+oitJPpRQ==

fbjs@1.0.0:
  version "1.0.0"
  resolved "https://registry.yarnpkg.com/fbjs/-/fbjs-1.0.0.tgz#52c215e0883a3c86af2a7a776ed51525ae8e0a5a"
  integrity sha512-MUgcMEJaFhCaF1QtWGnmq9ZDRAzECTCRAF7O6UZIlAlkTs1SasiX9aP0Iw7wfD2mJ7wDTNfg2w7u5fSCwJk1OA==
  dependencies:
    core-js "^2.4.1"
    fbjs-css-vars "^1.0.0"
    isomorphic-fetch "^2.1.1"
    loose-envify "^1.0.0"
    object-assign "^4.1.0"
    promise "^7.1.1"
    setimmediate "^1.0.5"
    ua-parser-js "^0.7.18"

has-flag@^3.0.0:
  version "3.0.0"
  resolved "https://registry.yarnpkg.com/has-flag/-/has-flag-3.0.0.tgz#b5d454dc2199ae225699f3467e5a07f3b955bafd"
  integrity sha1-tdRU3CGZriJWmfNGfloH87lVuv0=

iconv-lite@^0.6.2:
  version "0.6.2"
  resolved "https://registry.yarnpkg.com/iconv-lite/-/iconv-lite-0.6.2.tgz#ce13d1875b0c3a674bd6a04b7f76b01b1b6ded01"
  integrity sha512-2y91h5OpQlolefMPmUlivelittSWy0rP+oYVpn6A7GwVHNE8AWzoYOBNmlwks3LobaJxgHCYZAnyNo2GgpNRNQ==
  dependencies:
    safer-buffer ">= 2.1.2 < 3.0.0"

invariant@^2.2.4:
  version "2.2.4"
  resolved "https://registry.yarnpkg.com/invariant/-/invariant-2.2.4.tgz#610f3c92c9359ce1db616e538008d23ff35158e6"
  integrity sha512-phJfQVBuaJM5raOpJjSfkiD6BpbCE4Ns//LaXl6wGYtUBY83nWS6Rf9tXm2e8VaK60JEjYldbPif/A2B1C2gNA==
  dependencies:
    loose-envify "^1.0.0"

is-stream@^1.0.1:
  version "1.1.0"
  resolved "https://registry.yarnpkg.com/is-stream/-/is-stream-1.1.0.tgz#12d4a3dd4e68e0b79ceb8dbc84173ae80d91ca44"
  integrity sha1-EtSj3U5o4Lec6428hBc66A2RykQ=

isomorphic-fetch@^2.1.1:
  version "2.2.1"
  resolved "https://registry.yarnpkg.com/isomorphic-fetch/-/isomorphic-fetch-2.2.1.tgz#611ae1acf14f5e81f729507472819fe9733558a9"
  integrity sha1-YRrhrPFPXoH3KVB0coGf6XM1WKk=
  dependencies:
    node-fetch "^1.0.1"
    whatwg-fetch ">=0.10.0"

"js-tokens@^3.0.0 || ^4.0.0":
  version "4.0.0"
  resolved "https://registry.yarnpkg.com/js-tokens/-/js-tokens-4.0.0.tgz#19203fb59991df98e3a287050d4647cdeaf32499"
  integrity sha512-RdJUflcE3cUzKiMqQgsCu06FPu9UdIJO0beYbPhHN4k6apgJtifcoCtT9bcxOpYBtpD2kCM6Sbzg4CausW/PKQ==

lodash@^4.5.0:
  version "4.17.20"
  resolved "https://registry.yarnpkg.com/lodash/-/lodash-4.17.20.tgz#b44a9b6297bcb698f1c51a3545a2b3b368d59c52"
  integrity sha512-PlhdFcillOINfeV7Ni6oF1TAEayyZBoZ8bcshTHqOYJYlrqzRK5hagpagky5o4HfCzzd1TRkXPMFq6cKk9rGmA==

loose-envify@^1.0.0:
  version "1.4.0"
  resolved "https://registry.yarnpkg.com/loose-envify/-/loose-envify-1.4.0.tgz#71ee51fa7be4caec1a63839f7e682d8132d30caf"
  integrity sha512-lyuxPGr/Wfhrlem2CL/UcnUc1zcqKAImBDzukY7Y5F/yQiNdko6+fRLevlw1HgMySw7f611UIY408EtxRSoK3Q==
  dependencies:
    js-tokens "^3.0.0 || ^4.0.0"

md5-file@^3.2.3:
  version "3.2.3"
  resolved "https://registry.yarnpkg.com/md5-file/-/md5-file-3.2.3.tgz#f9bceb941eca2214a4c0727f5e700314e770f06f"
  integrity sha512-3Tkp1piAHaworfcCgH0jKbTvj1jWWFgbvh2cXaNCgHwyTCBxxvD1Y04rmfpvdPm1P4oXMOpm6+2H7sr7v9v8Fw==
  dependencies:
    buffer-alloc "^1.1.0"

node-fetch@^1.0.1:
  version "1.7.3"
  resolved "https://registry.yarnpkg.com/node-fetch/-/node-fetch-1.7.3.tgz#980f6f72d85211a5347c6b2bc18c5b84c3eb47ef"
  integrity sha512-NhZ4CsKx7cYm2vSrBAr2PvFOe6sWDf0UYLRqA6svUYg7+/TSfVAu49jYC4BvQ4Sms9SZgdqGBgroqfDhJdTyKQ==
  dependencies:
    encoding "^0.1.11"
    is-stream "^1.0.1"

object-assign@^4.1.0:
  version "4.1.1"
  resolved "https://registry.yarnpkg.com/object-assign/-/object-assign-4.1.1.tgz#2109adc7965887cfc05cbbd442cac8bfbb360863"
  integrity sha1-IQmtx5ZYh8/AXLvUQsrIv7s2CGM=

path-browserify@^1.0.0:
  version "1.0.1"
  resolved "https://registry.yarnpkg.com/path-browserify/-/path-browserify-1.0.1.tgz#d98454a9c3753d5790860f16f68867b9e46be1fd"
  integrity sha512-b7uo2UCUOYZcnF/3ID0lulOJi/bafxa1xPe7ZPsammBSpjSWQkjNxlt635YGS2MiR9GjvuXCtz2emr3jbsz98g==

promise@^7.1.1:
  version "7.3.1"
  resolved "https://registry.yarnpkg.com/promise/-/promise-7.3.1.tgz#064b72602b18f90f29192b8b1bc418ffd1ebd3bf"
  integrity sha512-nolQXZ/4L+bP/UGlkfaIujX9BKxGwmQ9OT4mOt5yvy8iK1h3wqTEJCijzGANTCCl9nWjY41juyAn2K3Q1hLLTg==
  dependencies:
    asap "~2.0.3"

querystringify@^2.1.1:
  version "2.2.0"
  resolved "https://registry.yarnpkg.com/querystringify/-/querystringify-2.2.0.tgz#3345941b4153cb9d082d8eee4cda2016a9aef7f6"
  integrity sha512-FIqgj2EUvTa7R50u0rGsyTftzjYmv/a3hO345bZNrqabNqjtgiDMgmo4mkUjd+nzU5oF3dClKqFIPUKybUyqoQ==

react-native-unimodules@^0.11.0:
  version "0.11.0"
  resolved "https://registry.yarnpkg.com/react-native-unimodules/-/react-native-unimodules-0.11.0.tgz#78483ee4e7eb27b439d34c3ba7455f40087ff166"
  integrity sha512-iIxcr9TmgciM/lzOvak+lBkdeGKw74kbMIkr1zxKskhOwLq19kGtYl0/DQm+jcwbsEzTX83SaEPX0C0jqbfb/A==
  dependencies:
    "@unimodules/core" "~5.5.0"
    "@unimodules/react-native-adapter" "~5.6.0"
    chalk "^2.4.2"
    expo-asset "~8.2.0"
    expo-constants "~9.2.0"
    expo-file-system "~9.2.0"
    expo-image-loader "~1.2.0"
    expo-permissions "~9.3.0"
    unimodules-app-loader "~1.3.0"
    unimodules-barcode-scanner-interface "~5.3.0"
    unimodules-camera-interface "~5.3.0"
    unimodules-constants-interface "~5.3.0"
    unimodules-face-detector-interface "~5.3.0"
    unimodules-file-system-interface "~5.3.0"
    unimodules-font-interface "~5.3.0"
    unimodules-image-loader-interface "~5.3.0"
    unimodules-permissions-interface "~5.3.0"
    unimodules-sensors-interface "~5.3.0"
    unimodules-task-manager-interface "~5.3.0"

requires-port@^1.0.0:
  version "1.0.0"
  resolved "https://registry.yarnpkg.com/requires-port/-/requires-port-1.0.0.tgz#925d2601d39ac485e091cf0da5c6e694dc3dcaff"
  integrity sha1-kl0mAdOaxIXgkc8NpcbmlNw9yv8=

"safer-buffer@>= 2.1.2 < 3.0.0":
  version "2.1.2"
  resolved "https://registry.yarnpkg.com/safer-buffer/-/safer-buffer-2.1.2.tgz#44fa161b0187b9549dd84bb91802f9bd8385cd6a"
  integrity sha512-YZo3K82SD7Riyi0E1EQPojLz7kpepnSQI9IyPbHHg1XXXevb5dJI7tpyN2ADxGcQbHG7vcyRHk0cbwqcQriUtg==

setimmediate@^1.0.5:
  version "1.0.5"
  resolved "https://registry.yarnpkg.com/setimmediate/-/setimmediate-1.0.5.tgz#290cbb232e306942d7d7ea9b83732ab7856f8285"
  integrity sha1-KQy7Iy4waULX1+qbg3Mqt4VvgoU=

supports-color@^5.3.0:
  version "5.5.0"
  resolved "https://registry.yarnpkg.com/supports-color/-/supports-color-5.5.0.tgz#e2e69a44ac8772f78a1ec0b35b689df6530efc8f"
  integrity sha512-QjVjwdXIt408MIiAqCX4oUKsgU2EqAGzs2Ppkm4aQYbjm+ZEWEcW4SfFNTr4uMNZma0ey4f5lgLrkB0aX0QMow==
  dependencies:
    has-flag "^3.0.0"

typescript@^4.0.5:
  version "4.0.5"
  resolved "https://registry.yarnpkg.com/typescript/-/typescript-4.0.5.tgz#ae9dddfd1069f1cb5beb3ef3b2170dd7c1332389"
  integrity sha512-ywmr/VrTVCmNTJ6iV2LwIrfG1P+lv6luD8sUJs+2eI9NLGigaN+nUQc13iHqisq7bra9lnmUSYqbJvegraBOPQ==

ua-parser-js@^0.7.18:
  version "0.7.22"
  resolved "https://registry.yarnpkg.com/ua-parser-js/-/ua-parser-js-0.7.22.tgz#960df60a5f911ea8f1c818f3747b99c6e177eae3"
  integrity sha512-YUxzMjJ5T71w6a8WWVcMGM6YWOTX27rCoIQgLXiWaxqXSx9D7DNjiGWn1aJIRSQ5qr0xuhra77bSIh6voR/46Q==

unimodules-app-loader@~1.3.0:
  version "1.3.0"
  resolved "https://registry.yarnpkg.com/unimodules-app-loader/-/unimodules-app-loader-1.3.0.tgz#e9cdeff012a4460032ed6462c01ca1eb6fe7402c"
  integrity sha512-PAQcbm0KVuqj9M5Vryo8rEJXe1VGWy7yWFUmjpdfvbhWO1JeDZUNiVXdP9M4NfISJfWcVcZ2Rfdfpqiubaz8rQ==

unimodules-barcode-scanner-interface@~5.3.0:
  version "5.3.0"
  resolved "https://registry.yarnpkg.com/unimodules-barcode-scanner-interface/-/unimodules-barcode-scanner-interface-5.3.0.tgz#2ea73cd35c7b45160efd2aaa76c432b7655bfc04"
  integrity sha512-nxWbLXv3JpkGS9I9REcEPk4vQNAbbLnstn1JVHs9agKP0IrNPQVmgqk1RWRdU6DM5QwaB+lb3jWVFVwHrI/NmA==

unimodules-camera-interface@~5.3.0:
  version "5.3.0"
  resolved "https://registry.yarnpkg.com/unimodules-camera-interface/-/unimodules-camera-interface-5.3.0.tgz#1499b6d9d053c2d84d627b47b9cab55cbb2dd03e"
  integrity sha512-rDzGUdAP9gfs1sgBmFRh1z2tkrwL0nVfEH81DAMir1216ZcmL7oYvLWUjQn9CAzUKhj5R6/G8D7/TrgY5qERBQ==

unimodules-constants-interface@~5.3.0:
  version "5.3.0"
  resolved "https://registry.yarnpkg.com/unimodules-constants-interface/-/unimodules-constants-interface-5.3.0.tgz#a3509f52585ff27b1badee9692d2705b01168120"
  integrity sha512-zE/iMu72Yo4fnVIpcsdfJowhXk08n7XBj1Mg5MC9G+SSkBqcIIk5xpm0H7/FqUfWmOVTeNEcoWYkBE/vu0p3mQ==

unimodules-face-detector-interface@~5.3.0:
  version "5.3.0"
  resolved "https://registry.yarnpkg.com/unimodules-face-detector-interface/-/unimodules-face-detector-interface-5.3.0.tgz#426484ef8c9c71f6e14bd664f5ed546868711326"
  integrity sha512-CL0FgDXDjFRBe8nlnVRwqpbYmY/d/86nSQU+s36Cc6Vkm8PWxJAooTImhEqBlVI4ldhkBIvPBiJcTgrv7kbaWg==

unimodules-file-system-interface@~5.3.0:
  version "5.3.0"
  resolved "https://registry.yarnpkg.com/unimodules-file-system-interface/-/unimodules-file-system-interface-5.3.0.tgz#29f9cc0bd6d807da77d19ca03dc810237fbb53dc"
  integrity sha512-mi4oWzO6/BDnu26HZ8FtGnBqfaoDUP1TL0ouHL0Pgv5QpXD/to2WrO7I01Z3TRjh50Um5C9gcLpt/rDyTurzag==

unimodules-font-interface@~5.3.0:
  version "5.3.0"
  resolved "https://registry.yarnpkg.com/unimodules-font-interface/-/unimodules-font-interface-5.3.0.tgz#4c545216a87fcd079c0c467f560f81d3e2f81265"
  integrity sha512-HgxeJ5t/MBOxbAMWW7mfr4XHp+8TFH+eh7iUceIdCWF0rldNq8V+r8vkq1/SaD6EMZ1F4HY0WjDpVA3mOpJfwQ==

unimodules-image-loader-interface@~5.3.0:
  version "5.3.0"
  resolved "https://registry.yarnpkg.com/unimodules-image-loader-interface/-/unimodules-image-loader-interface-5.3.0.tgz#a661beb5aee4b8fa6057861db359b65ad38cfc03"
  integrity sha512-xVunpdS2ZMhAL5FQWNspUaKar0lXIBcE9PEDlX+eTN7Q1MampkVbx+gauCv1YQaFHPqJ9KtqodgpAvMlnMhgqw==

unimodules-permissions-interface@~5.3.0:
  version "5.3.0"
  resolved "https://registry.yarnpkg.com/unimodules-permissions-interface/-/unimodules-permissions-interface-5.3.0.tgz#b7576c9143dd20f7d9dfa2346eda10841e439505"
  integrity sha512-DxgzzRp/3JzIyKYsfQpuWuesl4EYEx6nRZRMk6pWudfsvYu51RKOv5jwY4KskpW7sDGo6xHmiwQ6KCJu9UMQBA==

unimodules-sensors-interface@~5.3.0:
  version "5.3.0"
  resolved "https://registry.yarnpkg.com/unimodules-sensors-interface/-/unimodules-sensors-interface-5.3.0.tgz#03fb827ac625a6711523643944d6770ad48b7ce4"
  integrity sha512-WtqOED3/bmm+AMXu1xl4TVh1W40uaZSGSlxCZMNLSOkT1Rp38Ci1T2sL+izTq3dJ5kMdl0DsZJ5VtA+CqaKtXg==

unimodules-task-manager-interface@~5.3.0:
  version "5.3.0"
  resolved "https://registry.yarnpkg.com/unimodules-task-manager-interface/-/unimodules-task-manager-interface-5.3.0.tgz#126a2c177a1aebb5d0be86a3a99b324a347fca4a"
  integrity sha512-Q0mRH9a34eLA1xBVjy54Pkl3KmQAEoc4mrhsaIdAyJvJCDsT+UINBlRi5i8EHA8QY4jTd+fv9nHkHnDHQiWjtA==

url-parse@^1.4.4:
  version "1.4.7"
  resolved "https://registry.yarnpkg.com/url-parse/-/url-parse-1.4.7.tgz#a8a83535e8c00a316e403a5db4ac1b9b853ae278"
  integrity sha512-d3uaVyzDB9tQoSXFvuSUNFibTd9zxd2bkVrDRvF5TmvWWQwqE4lgYJ5m+x1DbecWkw+LK4RNl2CU1hHuOKPVlg==
  dependencies:
    querystringify "^2.1.1"
    requires-port "^1.0.0"

uuid@^3.3.2, uuid@^3.4.0:
  version "3.4.0"
  resolved "https://registry.yarnpkg.com/uuid/-/uuid-3.4.0.tgz#b23e4358afa8a202fe7a100af1f5f883f02007ee"
  integrity sha512-HjSDRw6gZE5JMggctHBcjVak08+KEVhSIiDzFnT9S9aegmp85S/bReBVTb4QTFaRNptJ9kuYaNhnbNEOkbKb/A==

whatwg-fetch@>=0.10.0:
  version "3.5.0"
  resolved "https://registry.yarnpkg.com/whatwg-fetch/-/whatwg-fetch-3.5.0.tgz#605a2cd0a7146e5db141e29d1c62ab84c0c4c868"
  integrity sha512-jXkLtsR42xhXg7akoDKvKWE40eJeI+2KZqcp2h3NsOrRnDvtWX36KcKl30dy+hxECivdk2BVUHVNrPtoMBUx6A==
